
Microsoft Visual Studio Solution File, Format Version 12.00
# Visual Studio Version 17
VisualStudioVersion = 17.3.32922.545
MinimumVisualStudioVersion = 10.0.40219.1
Project("{9A19103F-16F7-4668-BE54-9A1E7A4F7556}") = "OldSchoolRSLibrary", "OldSchoolRSLibrary\OldSchoolRSLibrary.csproj", "{F8E7A6DF-22ED-446F-8208-A755CC94C9A6}"
EndProject
Global
	GlobalSection(SolutionConfigurationPlatforms) = preSolution
		Debug|Any CPU = Debug|Any CPU
		Release|Any CPU = Release|Any CPU
	EndGlobalSection
	GlobalSection(ProjectConfigurationPlatforms) = postSolution
		{F8E7A6DF-22ED-446F-8208-A755CC94C9A6}.Debug|Any CPU.ActiveCfg = Debug|Any CPU
		{F8E7A6DF-22ED-446F-8208-A755CC94C9A6}.Debug|Any CPU.Build.0 = Debug|Any CPU
		{F8E7A6DF-22ED-446F-8208-A755CC94C9A6}.Release|Any CPU.ActiveCfg = Release|Any CPU
		{F8E7A6DF-22ED-446F-8208-A755CC94C9A6}.Release|Any CPU.Build.0 = Release|Any CPU
	EndGlobalSection
	GlobalSection(SolutionProperties) = preSolution
		HideSolutionNode = FALSE
	EndGlobalSection
	GlobalSection(ExtensibilityGlobals) = postSolution
		SolutionGuid = {C1825FBD-9FAB-44D4-84D9-301E08700300}
	EndGlobalSection
EndGlobal
